
Microsoft Visual Studio Solution File, Format Version 12.00
# Visual Studio 15
VisualStudioVersion = 15.0.27703.2018
MinimumVisualStudioVersion = 10.0.40219.1
Project("{8BC9CEB8-8B4A-11D0-8D11-00A0C91BC942}") = "Project2", "Project2\Project2.vcxproj", "{969F5BAC-3CD4-481E-BCC3-C7F384BCF971}"
EndProject
Global
	GlobalSection(SolutionConfigurationPlatforms) = preSolution
		Debug|x64 = Debug|x64
		Debug|x86 = Debug|x86
		Release|x64 = Release|x64
		Release|x86 = Release|x86
	EndGlobalSection
	GlobalSection(ProjectConfigurationPlatforms) = postSolution
		{969F5BAC-3CD4-481E-BCC3-C7F384BCF971}.Debug|x64.ActiveCfg = Debug|x64
		{969F5BAC-3CD4-481E-BCC3-C7F384BCF971}.Debug|x64.Build.0 = Debug|x64
		{969F5BAC-3CD4-481E-BCC3-C7F384BCF971}.Debug|x86.ActiveCfg = Debug|Win32
		{969F5BAC-3CD4-481E-BCC3-C7F384BCF971}.Debug|x86.Build.0 = Debug|Win32
		{969F5BAC-3CD4-481E-BCC3-C7F384BCF971}.Release|x64.ActiveCfg = Release|x64
		{969F5BAC-3CD4-481E-BCC3-C7F384BCF971}.Release|x64.Build.0 = Release|x64
		{969F5BAC-3CD4-481E-BCC3-C7F384BCF971}.Release|x86.ActiveCfg = Release|Win32
		{969F5BAC-3CD4-481E-BCC3-C7F384BCF971}.Release|x86.Build.0 = Release|Win32
	EndGlobalSection
	GlobalSection(SolutionProperties) = preSolution
		HideSolutionNode = FALSE
	EndGlobalSection
	GlobalSection(ExtensibilityGlobals) = postSolution
		SolutionGuid = {B9246EA0-E3C2-4421-B3DA-A62A658D36F6}
	EndGlobalSection
EndGlobal
